
Microsoft Visual Studio Solution File, Format Version 12.00
# Visual Studio Version 16
VisualStudioVersion = 16.0.30907.101
MinimumVisualStudioVersion = 10.0.40219.1
Project("{FAE04EC0-301F-11D3-BF4B-00C04F79EFBC}") = "PruebaIngreso", "PruebaIngreso\PruebaIngreso.csproj", "{C54B85DB-1CA6-4292-B9AA-EBA4A00F21F2}"
EndProject
Global
	GlobalSection(SolutionConfigurationPlatforms) = preSolution
		Debug|Any CPU = Debug|Any CPU
		Release|Any CPU = Release|Any CPU
	EndGlobalSection
	GlobalSection(ProjectConfigurationPlatforms) = postSolution
		{C54B85DB-1CA6-4292-B9AA-EBA4A00F21F2}.Debug|Any CPU.ActiveCfg = Debug|Any CPU
		{C54B85DB-1CA6-4292-B9AA-EBA4A00F21F2}.Debug|Any CPU.Build.0 = Debug|Any CPU
		{C54B85DB-1CA6-4292-B9AA-EBA4A00F21F2}.Release|Any CPU.ActiveCfg = Release|Any CPU
		{C54B85DB-1CA6-4292-B9AA-EBA4A00F21F2}.Release|Any CPU.Build.0 = Release|Any CPU
	EndGlobalSection
	GlobalSection(SolutionProperties) = preSolution
		HideSolutionNode = FALSE
	EndGlobalSection
	GlobalSection(ExtensibilityGlobals) = postSolution
		SolutionGuid = {EF451F68-C74B-42F6-A265-A0C9E89CF7FC}
	EndGlobalSection
EndGlobal
